
Microsoft Visual Studio Solution File, Format Version 12.00
# Visual Studio Version 17
VisualStudioVersion = 17.7.34221.43
MinimumVisualStudioVersion = 10.0.40219.1
Project("{FAE04EC0-301F-11D3-BF4B-00C04F79EFBC}") = "ECWebApp", "ECWebApp.csproj", "{091CC642-4BA5-4F09-84DC-2E3B5952A300}"
EndProject
Global
	GlobalSection(SolutionConfigurationPlatforms) = preSolution
		Debug|Any CPU = Debug|Any CPU
		Release|Any CPU = Release|Any CPU
	EndGlobalSection
	GlobalSection(ProjectConfigurationPlatforms) = postSolution
		{091CC642-4BA5-4F09-84DC-2E3B5952A300}.Debug|Any CPU.ActiveCfg = Debug|Any CPU
		{091CC642-4BA5-4F09-84DC-2E3B5952A300}.Debug|Any CPU.Build.0 = Debug|Any CPU
		{091CC642-4BA5-4F09-84DC-2E3B5952A300}.Release|Any CPU.ActiveCfg = Release|Any CPU
		{091CC642-4BA5-4F09-84DC-2E3B5952A300}.Release|Any CPU.Build.0 = Release|Any CPU
	EndGlobalSection
	GlobalSection(SolutionProperties) = preSolution
		HideSolutionNode = FALSE
	EndGlobalSection
	GlobalSection(ExtensibilityGlobals) = postSolution
		SolutionGuid = {9A821275-22D6-4DE9-A9A4-3F5F0230CDBE}
	EndGlobalSection
EndGlobal
